
Microsoft Visual Studio Solution File, Format Version 12.00
# Visual Studio Version 17
VisualStudioVersion = 17.5.002.0
MinimumVisualStudioVersion = 10.0.40219.1
Project("{9A19103F-16F7-4668-BE54-9A1E7A4F7556}") = "SupermercadoApp", "SupermercadoApp.csproj", "{DECE8ACB-B7EF-44DB-A840-C9DE2A6177C3}"
EndProject
Global
	GlobalSection(SolutionConfigurationPlatforms) = preSolution
		Debug|Any CPU = Debug|Any CPU
		Release|Any CPU = Release|Any CPU
	EndGlobalSection
	GlobalSection(ProjectConfigurationPlatforms) = postSolution
		{DECE8ACB-B7EF-44DB-A840-C9DE2A6177C3}.Debug|Any CPU.ActiveCfg = Debug|Any CPU
		{DECE8ACB-B7EF-44DB-A840-C9DE2A6177C3}.Debug|Any CPU.Build.0 = Debug|Any CPU
		{DECE8ACB-B7EF-44DB-A840-C9DE2A6177C3}.Release|Any CPU.ActiveCfg = Release|Any CPU
		{DECE8ACB-B7EF-44DB-A840-C9DE2A6177C3}.Release|Any CPU.Build.0 = Release|Any CPU
	EndGlobalSection
	GlobalSection(SolutionProperties) = preSolution
		HideSolutionNode = FALSE
	EndGlobalSection
	GlobalSection(ExtensibilityGlobals) = postSolution
		SolutionGuid = {D009DE7F-A9C7-426C-9218-4A5A00800E4B}
	EndGlobalSection
EndGlobal
